
Microsoft Visual Studio Solution File, Format Version 12.00
# Visual Studio 14
VisualStudioVersion = 14.0.25420.1
MinimumVisualStudioVersion = 10.0.40219.1
Project("{FAE04EC0-301F-11D3-BF4B-00C04F79EFBC}") = "FoodIndustryService.Core", "FoodIndustryService.Core\FoodIndustryService.Core.csproj", "{36327E5B-C69C-4DBA-80E7-A6BC403A9446}"
EndProject
Project("{FAE04EC0-301F-11D3-BF4B-00C04F79EFBC}") = "FoodIndustryService.Core.Tests", "FoodIndustryService.Core.Tests\FoodIndustryService.Core.Tests.csproj", "{0D42B0FA-48E4-482A-9769-AD7ADC0A52F2}"
EndProject
Global
	GlobalSection(SolutionConfigurationPlatforms) = preSolution
		Debug|Any CPU = Debug|Any CPU
		Release|Any CPU = Release|Any CPU
	EndGlobalSection
	GlobalSection(ProjectConfigurationPlatforms) = postSolution
		{36327E5B-C69C-4DBA-80E7-A6BC403A9446}.Debug|Any CPU.ActiveCfg = Debug|Any CPU
		{36327E5B-C69C-4DBA-80E7-A6BC403A9446}.Debug|Any CPU.Build.0 = Debug|Any CPU
		{36327E5B-C69C-4DBA-80E7-A6BC403A9446}.Release|Any CPU.ActiveCfg = Release|Any CPU
		{36327E5B-C69C-4DBA-80E7-A6BC403A9446}.Release|Any CPU.Build.0 = Release|Any CPU
		{0D42B0FA-48E4-482A-9769-AD7ADC0A52F2}.Debug|Any CPU.ActiveCfg = Debug|Any CPU
		{0D42B0FA-48E4-482A-9769-AD7ADC0A52F2}.Debug|Any CPU.Build.0 = Debug|Any CPU
		{0D42B0FA-48E4-482A-9769-AD7ADC0A52F2}.Release|Any CPU.ActiveCfg = Release|Any CPU
		{0D42B0FA-48E4-482A-9769-AD7ADC0A52F2}.Release|Any CPU.Build.0 = Release|Any CPU
	EndGlobalSection
	GlobalSection(SolutionProperties) = preSolution
		HideSolutionNode = FALSE
	EndGlobalSection
EndGlobal
